{
  "name": "@inrupt/eslint-config-base",
  "version": "0.1.2",
  "lockfileVersion": 1,
  "requires": true,
  "dependencies": {
    "eslint-plugin-header": {
      "version": "3.1.1",
      "resolved": "https://registry.npmjs.org/eslint-plugin-header/-/eslint-plugin-header-3.1.1.tgz",
      "integrity": "sha512-9vlKxuJ4qf793CmeeSrZUvVClw6amtpghq3CuWcB5cUNnWHQhgcqy5eF8oVKFk1G3Y/CbchGfEaw3wiIJaNmVg=="
    }
  }
}
